
Microsoft Visual Studio Solution File, Format Version 12.00
# Visual Studio Version 16
VisualStudioVersion = 16.0.30517.126
MinimumVisualStudioVersion = 10.0.40219.1
Project("{FAE04EC0-301F-11D3-BF4B-00C04F79EFBC}") = "Practical-2-Exrcise-1", "Practical-2-Exrcise-1.csproj", "{6F700120-4096-4D1A-8887-0B7E2072FAF5}"
EndProject
Global
	GlobalSection(SolutionConfigurationPlatforms) = preSolution
		Debug|Any CPU = Debug|Any CPU
		Release|Any CPU = Release|Any CPU
	EndGlobalSection
	GlobalSection(ProjectConfigurationPlatforms) = postSolution
		{6F700120-4096-4D1A-8887-0B7E2072FAF5}.Debug|Any CPU.ActiveCfg = Debug|Any CPU
		{6F700120-4096-4D1A-8887-0B7E2072FAF5}.Debug|Any CPU.Build.0 = Debug|Any CPU
		{6F700120-4096-4D1A-8887-0B7E2072FAF5}.Release|Any CPU.ActiveCfg = Release|Any CPU
		{6F700120-4096-4D1A-8887-0B7E2072FAF5}.Release|Any CPU.Build.0 = Release|Any CPU
	EndGlobalSection
	GlobalSection(SolutionProperties) = preSolution
		HideSolutionNode = FALSE
	EndGlobalSection
	GlobalSection(ExtensibilityGlobals) = postSolution
		SolutionGuid = {A0A224B0-F916-47B2-8973-952E2175C90D}
	EndGlobalSection
EndGlobal
